// !$*UTF8*$!
{
	archiveVersion = 1;
	classes = {
	};
	objectVersion = 46;
	objects = {

/* Begin PBXBuildFile section */
		C1CB0A1B1D5FC60D002CDB04 /* AppDelegate.swift in Sources */ = {isa = PBXBuildFile; fileRef = C1CB0A1A1D5FC60D002CDB04 /* AppDelegate.swift */; };
		C1CB0A1D1D5FC60D002CDB04 /* ViewController.swift in Sources */ = {isa = PBXBuildFile; fileRef = C1CB0A1C1D5FC60D002CDB04 /* ViewController.swift */; };
		C1CB0A201D5FC60E002CDB04 /* Main.storyboard in Resources */ = {isa = PBXBuildFile; fileRef = C1CB0A1E1D5FC60E002CDB04 /* Main.storyboard */; };
		C1CB0A221D5FC60E002CDB04 /* Assets.xcassets in Resources */ = {isa = PBXBuildFile; fileRef = C1CB0A211D5FC60E002CDB04 /* Assets.xcassets */; };
		C1CB0A251D5FC60E002CDB04 /* LaunchScreen.storyboard in Resources */ = {isa = PBXBuildFile; fileRef = C1CB0A231D5FC60E002CDB04 /* LaunchScreen.storyboard */; };
		C1CB0A301D5FC60E002CDB04 /* Whats_His_NameTests.swift in Sources */ = {isa = PBXBuildFile; fileRef = C1CB0A2F1D5FC60E002CDB04 /* Whats_His_NameTests.swift */; };
		C1CB0A3B1D5FC60E002CDB04 /* Whats_His_NameUITests.swift in Sources */ = {isa = PBXBuildFile; fileRef = C1CB0A3A1D5FC60E002CDB04 /* Whats_His_NameUITests.swift */; };
		C1CB0A4E1D5FC635002CDB04 /* Interface.storyboard in Resources */ = {isa = PBXBuildFile; fileRef = C1CB0A4C1D5FC635002CDB04 /* Interface.storyboard */; };
		C1CB0A501D5FC635002CDB04 /* Assets.xcassets in Resources */ = {isa = PBXBuildFile; fileRef = C1CB0A4F1D5FC635002CDB04 /* Assets.xcassets */; };
		C1CB0A571D5FC635002CDB04 /* WatchApp Extension.appex in Embed App Extensions */ = {isa = PBXBuildFile; fileRef = C1CB0A561D5FC635002CDB04 /* WatchApp Extension.appex */; settings = {ATTRIBUTES = (RemoveHeadersOnCopy, ); }; };
		C1CB0A5E1D5FC636002CDB04 /* InterfaceController.swift in Sources */ = {isa = PBXBuildFile; fileRef = C1CB0A5D1D5FC636002CDB04 /* InterfaceController.swift */; };
		C1CB0A601D5FC636002CDB04 /* ExtensionDelegate.swift in Sources */ = {isa = PBXBuildFile; fileRef = C1CB0A5F1D5FC636002CDB04 /* ExtensionDelegate.swift */; };
		C1CB0A621D5FC636002CDB04 /* NotificationController.swift in Sources */ = {isa = PBXBuildFile; fileRef = C1CB0A611D5FC636002CDB04 /* NotificationController.swift */; };
		C1CB0A641D5FC636002CDB04 /* Assets.xcassets in Resources */ = {isa = PBXBuildFile; fileRef = C1CB0A631D5FC636002CDB04 /* Assets.xcassets */; };
		C1CB0A681D5FC636002CDB04 /* WatchApp.app in Embed Watch Content */ = {isa = PBXBuildFile; fileRef = C1CB0A4A1D5FC635002CDB04 /* WatchApp.app */; };
		C1CB0A731D60C7C8002CDB04 /* libKairosSDK.a in Frameworks */ = {isa = PBXBuildFile; fileRef = C1CB0A721D60C7C8002CDB04 /* libKairosSDK.a */; };
		C1CB0A751D60C7E6002CDB04 /* UIKit.framework in Frameworks */ = {isa = PBXBuildFile; fileRef = C1CB0A741D60C7E6002CDB04 /* UIKit.framework */; };
		C1CB0A771D60C7EC002CDB04 /* Foundation.framework in Frameworks */ = {isa = PBXBuildFile; fileRef = C1CB0A761D60C7EC002CDB04 /* Foundation.framework */; };
		C1CB0A791D60C7F5002CDB04 /* CoreImage.framework in Frameworks */ = {isa = PBXBuildFile; fileRef = C1CB0A781D60C7F5002CDB04 /* CoreImage.framework */; };
		C1CB0A7B1D60C7FA002CDB04 /* CoreMotion.framework in Frameworks */ = {isa = PBXBuildFile; fileRef = C1CB0A7A1D60C7FA002CDB04 /* CoreMotion.framework */; };
		C1CB0A7D1D60C7FF002CDB04 /* CoreGraphics.framework in Frameworks */ = {isa = PBXBuildFile; fileRef = C1CB0A7C1D60C7FF002CDB04 /* CoreGraphics.framework */; };
		C1CB0A7F1D60C803002CDB04 /* AVFoundation.framework in Frameworks */ = {isa = PBXBuildFile; fileRef = C1CB0A7E1D60C803002CDB04 /* AVFoundation.framework */; };
		C1CB0A811D60C808002CDB04 /* AudioToolbox.framework in Frameworks */ = {isa = PBXBuildFile; fileRef = C1CB0A801D60C808002CDB04 /* AudioToolbox.framework */; };
		C1CB0A841D60C937002CDB04 /* Bridging header.m in Sources */ = {isa = PBXBuildFile; fileRef = C1CB0A831D60C937002CDB04 /* Bridging header.m */; };
/* End PBXBuildFile section */

/* Begin PBXContainerItemProxy section */
		C1CB0A2C1D5FC60E002CDB04 /* PBXContainerItemProxy */ = {
			isa = PBXContainerItemProxy;
			containerPortal = C1CB0A0F1D5FC60D002CDB04 /* Project object */;
			proxyType = 1;
			remoteGlobalIDString = C1CB0A161D5FC60D002CDB04;
			remoteInfo = "Whats His Name";
		};
		C1CB0A371D5FC60E002CDB04 /* PBXContainerItemProxy */ = {
			isa = PBXContainerItemProxy;
			containerPortal = C1CB0A0F1D5FC60D002CDB04 /* Project object */;
			proxyType = 1;
			remoteGlobalIDString = C1CB0A161D5FC60D002CDB04;
			remoteInfo = "Whats His Name";
		};
		C1CB0A581D5FC635002CDB04 /* PBXContainerItemProxy */ = {
			isa = PBXContainerItemProxy;
			containerPortal = C1CB0A0F1D5FC60D002CDB04 /* Project object */;
			proxyType = 1;
			remoteGlobalIDString = C1CB0A551D5FC635002CDB04;
			remoteInfo = "WatchApp Extension";
		};
		C1CB0A661D5FC636002CDB04 /* PBXContainerItemProxy */ = {
			isa = PBXContainerItemProxy;
			containerPortal = C1CB0A0F1D5FC60D002CDB04 /* Project object */;
			proxyType = 1;
			remoteGlobalIDString = C1CB0A491D5FC635002CDB04;
			remoteInfo = WatchApp;
		};
/* End PBXContainerItemProxy section */

/* Begin PBXCopyFilesBuildPhase section */
		C1CB0A6C1D5FC636002CDB04 /* Embed App Extensions */ = {
			isa = PBXCopyFilesBuildPhase;
			buildActionMask = 2147483647;
			dstPath = "";
			dstSubfolderSpec = 13;
			files = (
				C1CB0A571D5FC635002CDB04 /* WatchApp Extension.appex in Embed App Extensions */,
			);
			name = "Embed App Extensions";
			runOnlyForDeploymentPostprocessing = 0;
		};
		C1CB0A701D5FC636002CDB04 /* Embed Watch Content */ = {
			isa = PBXCopyFilesBuildPhase;
			buildActionMask = 2147483647;
			dstPath = "$(CONTENTS_FOLDER_PATH)/Watch";
			dstSubfolderSpec = 16;
			files = (
				C1CB0A681D5FC636002CDB04 /* WatchApp.app in Embed Watch Content */,
			);
			name = "Embed Watch Content";
			runOnlyForDeploymentPostprocessing = 0;
		};
/* End PBXCopyFilesBuildPhase section */

/* Begin PBXFileReference section */
		C1CB0A171D5FC60D002CDB04 /* Whats His Name.app */ = {isa = PBXFileReference; explicitFileType = wrapper.application; includeInIndex = 0; path = "Whats His Name.app"; sourceTree = BUILT_PRODUCTS_DIR; };
		C1CB0A1A1D5FC60D002CDB04 /* AppDelegate.swift */ = {isa = PBXFileReference; lastKnownFileType = sourcecode.swift; path = AppDelegate.swift; sourceTree = "<group>"; };
		C1CB0A1C1D5FC60D002CDB04 /* ViewController.swift */ = {isa = PBXFileReference; lastKnownFileType = sourcecode.swift; path = ViewController.swift; sourceTree = "<group>"; };
		C1CB0A1F1D5FC60E002CDB04 /* Base */ = {isa = PBXFileReference; lastKnownFileType = file.storyboard; name = Base; path = Base.lproj/Main.storyboard; sourceTree = "<group>"; };
		C1CB0A211D5FC60E002CDB04 /* Assets.xcassets */ = {isa = PBXFileReference; lastKnownFileType = folder.assetcatalog; path = Assets.xcassets; sourceTree = "<group>"; };
		C1CB0A241D5FC60E002CDB04 /* Base */ = {isa = PBXFileReference; lastKnownFileType = file.storyboard; name = Base; path = Base.lproj/LaunchScreen.storyboard; sourceTree = "<group>"; };
		C1CB0A261D5FC60E002CDB04 /* Info.plist */ = {isa = PBXFileReference; lastKnownFileType = text.plist.xml; path = Info.plist; sourceTree = "<group>"; };
		C1CB0A2B1D5FC60E002CDB04 /* Whats His NameTests.xctest */ = {isa = PBXFileReference; explicitFileType = wrapper.cfbundle; includeInIndex = 0; path = "Whats His NameTests.xctest"; sourceTree = BUILT_PRODUCTS_DIR; };
		C1CB0A2F1D5FC60E002CDB04 /* Whats_His_NameTests.swift */ = {isa = PBXFileReference; lastKnownFileType = sourcecode.swift; path = Whats_His_NameTests.swift; sourceTree = "<group>"; };
		C1CB0A311D5FC60E002CDB04 /* Info.plist */ = {isa = PBXFileReference; lastKnownFileType = text.plist.xml; path = Info.plist; sourceTree = "<group>"; };
		C1CB0A361D5FC60E002CDB04 /* Whats His NameUITests.xctest */ = {isa = PBXFileReference; explicitFileType = wrapper.cfbundle; includeInIndex = 0; path = "Whats His NameUITests.xctest"; sourceTree = BUILT_PRODUCTS_DIR; };
		C1CB0A3A1D5FC60E002CDB04 /* Whats_His_NameUITests.swift */ = {isa = PBXFileReference; lastKnownFileType = sourcecode.swift; path = Whats_His_NameUITests.swift; sourceTree = "<group>"; };
		C1CB0A3C1D5FC60E002CDB04 /* Info.plist */ = {isa = PBXFileReference; lastKnownFileType = text.plist.xml; path = Info.plist; sourceTree = "<group>"; };
		C1CB0A4A1D5FC635002CDB04 /* WatchApp.app */ = {isa = PBXFileReference; explicitFileType = wrapper.application; includeInIndex = 0; path = WatchApp.app; sourceTree = BUILT_PRODUCTS_DIR; };
		C1CB0A4D1D5FC635002CDB04 /* Base */ = {isa = PBXFileReference; lastKnownFileType = file.storyboard; name = Base; path = Base.lproj/Interface.storyboard; sourceTree = "<group>"; };
		C1CB0A4F1D5FC635002CDB04 /* Assets.xcassets */ = {isa = PBXFileReference; lastKnownFileType = folder.assetcatalog; path = Assets.xcassets; sourceTree = "<group>"; };
		C1CB0A511D5FC635002CDB04 /* Info.plist */ = {isa = PBXFileReference; lastKnownFileType = text.plist.xml; path = Info.plist; sourceTree = "<group>"; };
		C1CB0A561D5FC635002CDB04 /* WatchApp Extension.appex */ = {isa = PBXFileReference; explicitFileType = "wrapper.app-extension"; includeInIndex = 0; path = "WatchApp Extension.appex"; sourceTree = BUILT_PRODUCTS_DIR; };
		C1CB0A5C1D5FC635002CDB04 /* PushNotificationPayload.apns */ = {isa = PBXFileReference; lastKnownFileType = text; path = PushNotificationPayload.apns; sourceTree = "<group>"; };
		C1CB0A5D1D5FC636002CDB04 /* InterfaceController.swift */ = {isa = PBXFileReference; lastKnownFileType = sourcecode.swift; path = InterfaceController.swift; sourceTree = "<group>"; };
		C1CB0A5F1D5FC636002CDB04 /* ExtensionDelegate.swift */ = {isa = PBXFileReference; lastKnownFileType = sourcecode.swift; path = ExtensionDelegate.swift; sourceTree = "<group>"; };
		C1CB0A611D5FC636002CDB04 /* NotificationController.swift */ = {isa = PBXFileReference; lastKnownFileType = sourcecode.swift; path = NotificationController.swift; sourceTree = "<group>"; };
		C1CB0A631D5FC636002CDB04 /* Assets.xcassets */ = {isa = PBXFileReference; lastKnownFileType = folder.assetcatalog; path = Assets.xcassets; sourceTree = "<group>"; };
		C1CB0A651D5FC636002CDB04 /* Info.plist */ = {isa = PBXFileReference; lastKnownFileType = text.plist.xml; path = Info.plist; sourceTree = "<group>"; };
		C1CB0A711D60C7C8002CDB04 /* KairosSDK.h */ = {isa = PBXFileReference; fileEncoding = 4; lastKnownFileType = sourcecode.c.h; path = KairosSDK.h; sourceTree = "<group>"; };
		C1CB0A721D60C7C8002CDB04 /* libKairosSDK.a */ = {isa = PBXFileReference; lastKnownFileType = archive.ar; path = libKairosSDK.a; sourceTree = "<group>"; };
		C1CB0A741D60C7E6002CDB04 /* UIKit.framework */ = {isa = PBXFileReference; lastKnownFileType = wrapper.framework; name = UIKit.framework; path = System/Library/Frameworks/UIKit.framework; sourceTree = SDKROOT; };
		C1CB0A761D60C7EC002CDB04 /* Foundation.framework */ = {isa = PBXFileReference; lastKnownFileType = wrapper.framework; name = Foundation.framework; path = System/Library/Frameworks/Foundation.framework; sourceTree = SDKROOT; };
		C1CB0A781D60C7F5002CDB04 /* CoreImage.framework */ = {isa = PBXFileReference; lastKnownFileType = wrapper.framework; name = CoreImage.framework; path = System/Library/Frameworks/CoreImage.framework; sourceTree = SDKROOT; };
		C1CB0A7A1D60C7FA002CDB04 /* CoreMotion.framework */ = {isa = PBXFileReference; lastKnownFileType = wrapper.framework; name = CoreMotion.framework; path = System/Library/Frameworks/CoreMotion.framework; sourceTree = SDKROOT; };
		C1CB0A7C1D60C7FF002CDB04 /* CoreGraphics.framework */ = {isa = PBXFileReference; lastKnownFileType = wrapper.framework; name = CoreGraphics.framework; path = System/Library/Frameworks/CoreGraphics.framework; sourceTree = SDKROOT; };
		C1CB0A7E1D60C803002CDB04 /* AVFoundation.framework */ = {isa = PBXFileReference; lastKnownFileType = wrapper.framework; name = AVFoundation.framework; path = System/Library/Frameworks/AVFoundation.framework; sourceTree = SDKROOT; };
		C1CB0A801D60C808002CDB04 /* AudioToolbox.framework */ = {isa = PBXFileReference; lastKnownFileType = wrapper.framework; name = AudioToolbox.framework; path = System/Library/Frameworks/AudioToolbox.framework; sourceTree = SDKROOT; };
		C1CB0A821D60C937002CDB04 /* Whats His Name-Bridging-Header.h */ = {isa = PBXFileReference; lastKnownFileType = sourcecode.c.h; path = "Whats His Name-Bridging-Header.h"; sourceTree = "<group>"; };
		C1CB0A831D60C937002CDB04 /* Bridging header.m */ = {isa = PBXFileReference; fileEncoding = 4; lastKnownFileType = sourcecode.c.objc; path = "Bridging header.m"; sourceTree = "<group>"; };
/* End PBXFileReference section */

/* Begin PBXFrameworksBuildPhase section */
		C1CB0A141D5FC60D002CDB04 /* Frameworks */ = {
			isa = PBXFrameworksBuildPhase;
			buildActionMask = 2147483647;
			files = (
				C1CB0A811D60C808002CDB04 /* AudioToolbox.framework in Frameworks */,
				C1CB0A7F1D60C803002CDB04 /* AVFoundation.framework in Frameworks */,
				C1CB0A7D1D60C7FF002CDB04 /* CoreGraphics.framework in Frameworks */,
				C1CB0A7B1D60C7FA002CDB04 /* CoreMotion.framework in Frameworks */,
				C1CB0A791D60C7F5002CDB04 /* CoreImage.framework in Frameworks */,
				C1CB0A771D60C7EC002CDB04 /* Foundation.framework in Frameworks */,
				C1CB0A751D60C7E6002CDB04 /* UIKit.framework in Frameworks */,
				C1CB0A731D60C7C8002CDB04 /* libKairosSDK.a in Frameworks */,
			);
			runOnlyForDeploymentPostprocessing = 0;
		};
		C1CB0A281D5FC60E002CDB04 /* Frameworks */ = {
			isa = PBXFrameworksBuildPhase;
			buildActionMask = 2147483647;
			files = (
			);
			runOnlyForDeploymentPostprocessing = 0;
		};
		C1CB0A331D5FC60E002CDB04 /* Frameworks */ = {
			isa = PBXFrameworksBuildPhase;
			buildActionMask = 2147483647;
			files = (
			);
			runOnlyForDeploymentPostprocessing = 0;
		};
		C1CB0A531D5FC635002CDB04 /* Frameworks */ = {
			isa = PBXFrameworksBuildPhase;
			buildActionMask = 2147483647;
			files = (
			);
			runOnlyForDeploymentPostprocessing = 0;
		};
/* End PBXFrameworksBuildPhase section */

/* Begin PBXGroup section */
		C1CB0A0E1D5FC60D002CDB04 = {
			isa = PBXGroup;
			children = (
				C1CB0A801D60C808002CDB04 /* AudioToolbox.framework */,
				C1CB0A7E1D60C803002CDB04 /* AVFoundation.framework */,
				C1CB0A7C1D60C7FF002CDB04 /* CoreGraphics.framework */,
				C1CB0A7A1D60C7FA002CDB04 /* CoreMotion.framework */,
				C1CB0A781D60C7F5002CDB04 /* CoreImage.framework */,
				C1CB0A761D60C7EC002CDB04 /* Foundation.framework */,
				C1CB0A741D60C7E6002CDB04 /* UIKit.framework */,
				C1CB0A191D5FC60D002CDB04 /* Whats His Name */,
				C1CB0A2E1D5FC60E002CDB04 /* Whats His NameTests */,
				C1CB0A391D5FC60E002CDB04 /* Whats His NameUITests */,
				C1CB0A4B1D5FC635002CDB04 /* WatchApp */,
				C1CB0A5A1D5FC635002CDB04 /* WatchApp Extension */,
				C1CB0A181D5FC60D002CDB04 /* Products */,
				C1CB0A711D60C7C8002CDB04 /* KairosSDK.h */,
				C1CB0A721D60C7C8002CDB04 /* libKairosSDK.a */,
			);
			sourceTree = "<group>";
		};
		C1CB0A181D5FC60D002CDB04 /* Products */ = {
			isa = PBXGroup;
			children = (
				C1CB0A171D5FC60D002CDB04 /* Whats His Name.app */,
				C1CB0A2B1D5FC60E002CDB04 /* Whats His NameTests.xctest */,
				C1CB0A361D5FC60E002CDB04 /* Whats His NameUITests.xctest */,
				C1CB0A4A1D5FC635002CDB04 /* WatchApp.app */,
				C1CB0A561D5FC635002CDB04 /* WatchApp Extension.appex */,
			);
			name = Products;
			sourceTree = "<group>";
		};
		C1CB0A191D5FC60D002CDB04 /* Whats His Name */ = {
			isa = PBXGroup;
			children = (
				C1CB0A1A1D5FC60D002CDB04 /* AppDelegate.swift */,
				C1CB0A1C1D5FC60D002CDB04 /* ViewController.swift */,
				C1CB0A821D60C937002CDB04 /* Whats His Name-Bridging-Header.h */,
				C1CB0A831D60C937002CDB04 /* Bridging header.m */,
				C1CB0A1E1D5FC60E002CDB04 /* Main.storyboard */,
				C1CB0A211D5FC60E002CDB04 /* Assets.xcassets */,
				C1CB0A231D5FC60E002CDB04 /* LaunchScreen.storyboard */,
				C1CB0A261D5FC60E002CDB04 /* Info.plist */,
			);
			path = "Whats His Name";
			sourceTree = "<group>";
		};
		C1CB0A2E1D5FC60E002CDB04 /* Whats His NameTests */ = {
			isa = PBXGroup;
			children = (
				C1CB0A2F1D5FC60E002CDB04 /* Whats_His_NameTests.swift */,
				C1CB0A311D5FC60E002CDB04 /* Info.plist */,
			);
			path = "Whats His NameTests";
			sourceTree = "<group>";
		};
		C1CB0A391D5FC60E002CDB04 /* Whats His NameUITests */ = {
			isa = PBXGroup;
			children = (
				C1CB0A3A1D5FC60E002CDB04 /* Whats_His_NameUITests.swift */,
				C1CB0A3C1D5FC60E002CDB04 /* Info.plist */,
			);
			path = "Whats His NameUITests";
			sourceTree = "<group>";
		};
		C1CB0A4B1D5FC635002CDB04 /* WatchApp */ = {
			isa = PBXGroup;
			children = (
				C1CB0A4C1D5FC635002CDB04 /* Interface.storyboard */,
				C1CB0A4F1D5FC635002CDB04 /* Assets.xcassets */,
				C1CB0A511D5FC635002CDB04 /* Info.plist */,
			);
			path = WatchApp;
			sourceTree = "<group>";
		};
		C1CB0A5A1D5FC635002CDB04 /* WatchApp Extension */ = {
			isa = PBXGroup;
			children = (
				C1CB0A5D1D5FC636002CDB04 /* InterfaceController.swift */,
				C1CB0A5F1D5FC636002CDB04 /* ExtensionDelegate.swift */,
				C1CB0A611D5FC636002CDB04 /* NotificationController.swift */,
				C1CB0A631D5FC636002CDB04 /* Assets.xcassets */,
				C1CB0A651D5FC636002CDB04 /* Info.plist */,
				C1CB0A5B1D5FC635002CDB04 /* Supporting Files */,
			);
			path = "WatchApp Extension";
			sourceTree = "<group>";
		};
		C1CB0A5B1D5FC635002CDB04 /* Supporting Files */ = {
			isa = PBXGroup;
			children = (
				C1CB0A5C1D5FC635002CDB04 /* PushNotificationPayload.apns */,
			);
			name = "Supporting Files";
			sourceTree = "<group>";
		};
/* End PBXGroup section */

/* Begin PBXNativeTarget section */
		C1CB0A161D5FC60D002CDB04 /* Whats His Name */ = {
			isa = PBXNativeTarget;
			buildConfigurationList = C1CB0A3F1D5FC60E002CDB04 /* Build configuration list for PBXNativeTarget "Whats His Name" */;
			buildPhases = (
				C1CB0A131D5FC60D002CDB04 /* Sources */,
				C1CB0A141D5FC60D002CDB04 /* Frameworks */,
				C1CB0A151D5FC60D002CDB04 /* Resources */,
				C1CB0A701D5FC636002CDB04 /* Embed Watch Content */,
			);
			buildRules = (
			);
			dependencies = (
				C1CB0A671D5FC636002CDB04 /* PBXTargetDependency */,
			);
			name = "Whats His Name";
			productName = "Whats His Name";
			productReference = C1CB0A171D5FC60D002CDB04 /* Whats His Name.app */;
			productType = "com.apple.product-type.application";
		};
		C1CB0A2A1D5FC60E002CDB04 /* Whats His NameTests */ = {
			isa = PBXNativeTarget;
			buildConfigurationList = C1CB0A421D5FC60E002CDB04 /* Build configuration list for PBXNativeTarget "Whats His NameTests" */;
			buildPhases = (
				C1CB0A271D5FC60E002CDB04 /* Sources */,
				C1CB0A281D5FC60E002CDB04 /* Frameworks */,
				C1CB0A291D5FC60E002CDB04 /* Resources */,
			);
			buildRules = (
			);
			dependencies = (
				C1CB0A2D1D5FC60E002CDB04 /* PBXTargetDependency */,
			);
			name = "Whats His NameTests";
			productName = "Whats His NameTests";
			productReference = C1CB0A2B1D5FC60E002CDB04 /* Whats His NameTests.xctest */;
			productType = "com.apple.product-type.bundle.unit-test";
		};
		C1CB0A351D5FC60E002CDB04 /* Whats His NameUITests */ = {
			isa = PBXNativeTarget;
			buildConfigurationList = C1CB0A451D5FC60E002CDB04 /* Build configuration list for PBXNativeTarget "Whats His NameUITests" */;
			buildPhases = (
				C1CB0A321D5FC60E002CDB04 /* Sources */,
				C1CB0A331D5FC60E002CDB04 /* Frameworks */,
				C1CB0A341D5FC60E002CDB04 /* Resources */,
			);
			buildRules = (
			);
			dependencies = (
				C1CB0A381D5FC60E002CDB04 /* PBXTargetDependency */,
			);
			name = "Whats His NameUITests";
			productName = "Whats His NameUITests";
			productReference = C1CB0A361D5FC60E002CDB04 /* Whats His NameUITests.xctest */;
			productType = "com.apple.product-type.bundle.ui-testing";
		};
		C1CB0A491D5FC635002CDB04 /* WatchApp */ = {
			isa = PBXNativeTarget;
			buildConfigurationList = C1CB0A6D1D5FC636002CDB04 /* Build configuration list for PBXNativeTarget "WatchApp" */;
			buildPhases = (
				C1CB0A481D5FC635002CDB04 /* Resources */,
				C1CB0A6C1D5FC636002CDB04 /* Embed App Extensions */,
			);
			buildRules = (
			);
			dependencies = (
				C1CB0A591D5FC635002CDB04 /* PBXTargetDependency */,
			);
			name = WatchApp;
			productName = WatchApp;
			productReference = C1CB0A4A1D5FC635002CDB04 /* WatchApp.app */;
			productType = "com.apple.product-type.application.watchapp2";
		};
		C1CB0A551D5FC635002CDB04 /* WatchApp Extension */ = {
			isa = PBXNativeTarget;
			buildConfigurationList = C1CB0A691D5FC636002CDB04 /* Build configuration list for PBXNativeTarget "WatchApp Extension" */;
			buildPhases = (
				C1CB0A521D5FC635002CDB04 /* Sources */,
				C1CB0A531D5FC635002CDB04 /* Frameworks */,
				C1CB0A541D5FC635002CDB04 /* Resources */,
			);
			buildRules = (
			);
			dependencies = (
			);
			name = "WatchApp Extension";
			productName = "WatchApp Extension";
			productReference = C1CB0A561D5FC635002CDB04 /* WatchApp Extension.appex */;
			productType = "com.apple.product-type.watchkit2-extension";
		};
/* End PBXNativeTarget section */

/* Begin PBXProject section */
		C1CB0A0F1D5FC60D002CDB04 /* Project object */ = {
			isa = PBXProject;
			attributes = {
				LastSwiftUpdateCheck = 0730;
				LastUpgradeCheck = 0730;
				ORGANIZATIONNAME = "T&Z";
				TargetAttributes = {
					C1CB0A161D5FC60D002CDB04 = {
						CreatedOnToolsVersion = 7.3.1;
					};
					C1CB0A2A1D5FC60E002CDB04 = {
						CreatedOnToolsVersion = 7.3.1;
						TestTargetID = C1CB0A161D5FC60D002CDB04;
					};
					C1CB0A351D5FC60E002CDB04 = {
						CreatedOnToolsVersion = 7.3.1;
						TestTargetID = C1CB0A161D5FC60D002CDB04;
					};
					C1CB0A491D5FC635002CDB04 = {
						CreatedOnToolsVersion = 7.3.1;
					};
					C1CB0A551D5FC635002CDB04 = {
						CreatedOnToolsVersion = 7.3.1;
					};
				};
			};
			buildConfigurationList = C1CB0A121D5FC60D002CDB04 /* Build configuration list for PBXProject "Whats His Name" */;
			compatibilityVersion = "Xcode 3.2";
			developmentRegion = English;
			hasScannedForEncodings = 0;
			knownRegions = (
				en,
				Base,
			);
			mainGroup = C1CB0A0E1D5FC60D002CDB04;
			productRefGroup = C1CB0A181D5FC60D002CDB04 /* Products */;
			projectDirPath = "";
			projectRoot = "";
			targets = (
				C1CB0A161D5FC60D002CDB04 /* Whats His Name */,
				C1CB0A2A1D5FC60E002CDB04 /* Whats His NameTests */,
				C1CB0A351D5FC60E002CDB04 /* Whats His NameUITests */,
				C1CB0A491D5FC635002CDB04 /* WatchApp */,
				C1CB0A551D5FC635002CDB04 /* WatchApp Extension */,
			);
		};
/* End PBXProject section */

/* Begin PBXResourcesBuildPhase section */
		C1CB0A151D5FC60D002CDB04 /* Resources */ = {
			isa = PBXResourcesBuildPhase;
			buildActionMask = 2147483647;
			files = (
				C1CB0A251D5FC60E002CDB04 /* LaunchScreen.storyboard in Resources */,
				C1CB0A221D5FC60E002CDB04 /* Assets.xcassets in Resources */,
				C1CB0A201D5FC60E002CDB04 /* Main.storyboard in Resources */,
			);
			runOnlyForDeploymentPostprocessing = 0;
		};
		C1CB0A291D5FC60E002CDB04 /* Resources */ = {
			isa = PBXResourcesBuildPhase;
			buildActionMask = 2147483647;
			files = (
			);
			runOnlyForDeploymentPostprocessing = 0;
		};
		C1CB0A341D5FC60E002CDB04 /* Resources */ = {
			isa = PBXResourcesBuildPhase;
			buildActionMask = 2147483647;
			files = (
			);
			runOnlyForDeploymentPostprocessing = 0;
		};
		C1CB0A481D5FC635002CDB04 /* Resources */ = {
			isa = PBXResourcesBuildPhase;
			buildActionMask = 2147483647;
			files = (
				C1CB0A501D5FC635002CDB04 /* Assets.xcassets in Resources */,
				C1CB0A4E1D5FC635002CDB04 /* Interface.storyboard in Resources */,
			);
			runOnlyForDeploymentPostprocessing = 0;
		};
		C1CB0A541D5FC635002CDB04 /* Resources */ = {
			isa = PBXResourcesBuildPhase;
			buildActionMask = 2147483647;
			files = (
				C1CB0A641D5FC636002CDB04 /* Assets.xcassets in Resources */,
			);
			runOnlyForDeploymentPostprocessing = 0;
		};
/* End PBXResourcesBuildPhase section */

/* Begin PBXSourcesBuildPhase section */
		C1CB0A131D5FC60D002CDB04 /* Sources */ = {
			isa = PBXSourcesBuildPhase;
			buildActionMask = 2147483647;
			files = (
				C1CB0A841D60C937002CDB04 /* Bridging header.m in Sources */,
				C1CB0A1D1D5FC60D002CDB04 /* ViewController.swift in Sources */,
				C1CB0A1B1D5FC60D002CDB04 /* AppDelegate.swift in Sources */,
			);
			runOnlyForDeploymentPostprocessing = 0;
		};
		C1CB0A271D5FC60E002CDB04 /* Sources */ = {
			isa = PBXSourcesBuildPhase;
			buildActionMask = 2147483647;
			files = (
				C1CB0A301D5FC60E002CDB04 /* Whats_His_NameTests.swift in Sources */,
			);
			runOnlyForDeploymentPostprocessing = 0;
		};
		C1CB0A321D5FC60E002CDB04 /* Sources */ = {
			isa = PBXSourcesBuildPhase;
			buildActionMask = 2147483647;
			files = (
				C1CB0A3B1D5FC60E002CDB04 /* Whats_His_NameUITests.swift in Sources */,
			);
			runOnlyForDeploymentPostprocessing = 0;
		};
		C1CB0A521D5FC635002CDB04 /* Sources */ = {
			isa = PBXSourcesBuildPhase;
			buildActionMask = 2147483647;
			files = (
				C1CB0A621D5FC636002CDB04 /* NotificationController.swift in Sources */,
				C1CB0A601D5FC636002CDB04 /* ExtensionDelegate.swift in Sources */,
				C1CB0A5E1D5FC636002CDB04 /* InterfaceController.swift in Sources */,
			);
			runOnlyForDeploymentPostprocessing = 0;
		};
/* End PBXSourcesBuildPhase section */

/* Begin PBXTargetDependency section */
		C1CB0A2D1D5FC60E002CDB04 /* PBXTargetDependency */ = {
			isa = PBXTargetDependency;
			target = C1CB0A161D5FC60D002CDB04 /* Whats His Name */;
			targetProxy = C1CB0A2C1D5FC60E002CDB04 /* PBXContainerItemProxy */;
		};
		C1CB0A381D5FC60E002CDB04 /* PBXTargetDependency */ = {
			isa = PBXTargetDependency;
			target = C1CB0A161D5FC60D002CDB04 /* Whats His Name */;
			targetProxy = C1CB0A371D5FC60E002CDB04 /* PBXContainerItemProxy */;
		};
		C1CB0A591D5FC635002CDB04 /* PBXTargetDependency */ = {
			isa = PBXTargetDependency;
			target = C1CB0A551D5FC635002CDB04 /* WatchApp Extension */;
			targetProxy = C1CB0A581D5FC635002CDB04 /* PBXContainerItemProxy */;
		};
		C1CB0A671D5FC636002CDB04 /* PBXTargetDependency */ = {
			isa = PBXTargetDependency;
			target = C1CB0A491D5FC635002CDB04 /* WatchApp */;
			targetProxy = C1CB0A661D5FC636002CDB04 /* PBXContainerItemProxy */;
		};
/* End PBXTargetDependency section */

/* Begin PBXVariantGroup section */
		C1CB0A1E1D5FC60E002CDB04 /* Main.storyboard */ = {
			isa = PBXVariantGroup;
			children = (
				C1CB0A1F1D5FC60E002CDB04 /* Base */,
			);
			name = Main.storyboard;
			sourceTree = "<group>";
		};
		C1CB0A231D5FC60E002CDB04 /* LaunchScreen.storyboard */ = {
			isa = PBXVariantGroup;
			children = (
				C1CB0A241D5FC60E002CDB04 /* Base */,
			);
			name = LaunchScreen.storyboard;
			sourceTree = "<group>";
		};
		C1CB0A4C1D5FC635002CDB04 /* Interface.storyboard */ = {
			isa = PBXVariantGroup;
			children = (
				C1CB0A4D1D5FC635002CDB04 /* Base */,
			);
			name = Interface.storyboard;
			sourceTree = "<group>";
		};
/* End PBXVariantGroup section */

/* Begin XCBuildConfiguration section */
		C1CB0A3D1D5FC60E002CDB04 /* Debug */ = {
			isa = XCBuildConfiguration;
			buildSettings = {
				ALWAYS_SEARCH_USER_PATHS = NO;
				CLANG_ANALYZER_NONNULL = YES;
				CLANG_CXX_LANGUAGE_STANDARD = "gnu++0x";
				CLANG_CXX_LIBRARY = "libc++";
				CLANG_ENABLE_MODULES = YES;
				CLANG_ENABLE_OBJC_ARC = YES;
				CLANG_WARN_BOOL_CONVERSION = YES;
				CLANG_WARN_CONSTANT_CONVERSION = YES;
				CLANG_WARN_DIRECT_OBJC_ISA_USAGE = YES_ERROR;
				CLANG_WARN_EMPTY_BODY = YES;
				CLANG_WARN_ENUM_CONVERSION = YES;
				CLANG_WARN_INT_CONVERSION = YES;
				CLANG_WARN_OBJC_ROOT_CLASS = YES_ERROR;
				CLANG_WARN_UNREACHABLE_CODE = YES;
				CLANG_WARN__DUPLICATE_METHOD_MATCH = YES;
				"CODE_SIGN_IDENTITY[sdk=iphoneos*]" = "iPhone Developer";
				COPY_PHASE_STRIP = NO;
				DEBUG_INFORMATION_FORMAT = dwarf;
				ENABLE_STRICT_OBJC_MSGSEND = YES;
				ENABLE_TESTABILITY = YES;
				GCC_C_LANGUAGE_STANDARD = gnu99;
				GCC_DYNAMIC_NO_PIC = NO;
				GCC_NO_COMMON_BLOCKS = YES;
				GCC_OPTIMIZATION_LEVEL = 0;
				GCC_PREPROCESSOR_DEFINITIONS = (
					"DEBUG=1",
					"$(inherited)",
				);
				GCC_WARN_64_TO_32_BIT_CONVERSION = YES;
				GCC_WARN_ABOUT_RETURN_TYPE = YES_ERROR;
				GCC_WARN_UNDECLARED_SELECTOR = YES;
				GCC_WARN_UNINITIALIZED_AUTOS = YES_AGGRESSIVE;
				GCC_WARN_UNUSED_FUNCTION = YES;
				GCC_WARN_UNUSED_VARIABLE = YES;
				IPHONEOS_DEPLOYMENT_TARGET = 9.3;
				MTL_ENABLE_DEBUG_INFO = YES;
				ONLY_ACTIVE_ARCH = YES;
				SDKROOT = iphoneos;
				SWIFT_OPTIMIZATION_LEVEL = "-Onone";
				TARGETED_DEVICE_FAMILY = "1,2";
			};
			name = Debug;
		};
		C1CB0A3E1D5FC60E002CDB04 /* Release */ = {
			isa = XCBuildConfiguration;
			buildSettings = {
				ALWAYS_SEARCH_USER_PATHS = NO;
				CLANG_ANALYZER_NONNULL = YES;
				CLANG_CXX_LANGUAGE_STANDARD = "gnu++0x";
				CLANG_CXX_LIBRARY = "libc++";
				CLANG_ENABLE_MODULES = YES;
				CLANG_ENABLE_OBJC_ARC = YES;
				CLANG_WARN_BOOL_CONVERSION = YES;
				CLANG_WARN_CONSTANT_CONVERSION = YES;
				CLANG_WARN_DIRECT_OBJC_ISA_USAGE = YES_ERROR;
				CLANG_WARN_EMPTY_BODY = YES;
				CLANG_WARN_ENUM_CONVERSION = YES;
				CLANG_WARN_INT_CONVERSION = YES;
				CLANG_WARN_OBJC_ROOT_CLASS = YES_ERROR;
				CLANG_WARN_UNREACHABLE_CODE = YES;
				CLANG_WARN__DUPLICATE_METHOD_MATCH = YES;
				"CODE_SIGN_IDENTITY[sdk=iphoneos*]" = "iPhone Developer";
				COPY_PHASE_STRIP = NO;
				DEBUG_INFORMATION_FORMAT = "dwarf-with-dsym";
				ENABLE_NS_ASSERTIONS = NO;
				ENABLE_STRICT_OBJC_MSGSEND = YES;
				GCC_C_LANGUAGE_STANDARD = gnu99;
				GCC_NO_COMMON_BLOCKS = YES;
				GCC_WARN_64_TO_32_BIT_CONVERSION = YES;
				GCC_WARN_ABOUT_RETURN_TYPE = YES_ERROR;
				GCC_WARN_UNDECLARED_SELECTOR = YES;
				GCC_WARN_UNINITIALIZED_AUTOS = YES_AGGRESSIVE;
				GCC_WARN_UNUSED_FUNCTION = YES;
				GCC_WARN_UNUSED_VARIABLE = YES;
				IPHONEOS_DEPLOYMENT_TARGET = 9.3;
				MTL_ENABLE_DEBUG_INFO = NO;
				SDKROOT = iphoneos;
				TARGETED_DEVICE_FAMILY = "1,2";
				VALIDATE_PRODUCT = YES;
			};
			name = Release;
		};
		C1CB0A401D5FC60E002CDB04 /* Debug */ = {
			isa = XCBuildConfiguration;
			buildSettings = {
				ASSETCATALOG_COMPILER_APPICON_NAME = AppIcon;
				CLANG_ENABLE_MODULES = YES;
				INFOPLIST_FILE = "Whats His Name/Info.plist";
				LD_RUNPATH_SEARCH_PATHS = "$(inherited) @executable_path/Frameworks";
				LIBRARY_SEARCH_PATHS = (
					"$(inherited)",
					"$(PROJECT_DIR)",
				);
				OTHER_LDFLAGS = "-all_load";
				PRODUCT_BUNDLE_IDENTIFIER = "T-Z.Whats-His-Name";
				PRODUCT_NAME = "$(TARGET_NAME)";
				SWIFT_OBJC_BRIDGING_HEADER = "Whats His Name/Whats His Name-Bridging-Header.h";
				SWIFT_OPTIMIZATION_LEVEL = "-Onone";
			};
			name = Debug;
		};
		C1CB0A411D5FC60E002CDB04 /* Release */ = {
			isa = XCBuildConfiguration;
			buildSettings = {
				ASSETCATALOG_COMPILER_APPICON_NAME = AppIcon;
				CLANG_ENABLE_MODULES = YES;
				INFOPLIST_FILE = "Whats His Name/Info.plist";
				LD_RUNPATH_SEARCH_PATHS = "$(inherited) @executable_path/Frameworks";
				LIBRARY_SEARCH_PATHS = (
					"$(inherited)",
					"$(PROJECT_DIR)",
				);
				OTHER_LDFLAGS = "-all_load";
				PRODUCT_BUNDLE_IDENTIFIER = "T-Z.Whats-His-Name";
				PRODUCT_NAME = "$(TARGET_NAME)";
				SWIFT_OBJC_BRIDGING_HEADER = "Whats His Name/Whats His Name-Bridging-Header.h";
			};
			name = Release;
		};
		C1CB0A431D5FC60E002CDB04 /* Debug */ = {
			isa = XCBuildConfiguration;
			buildSettings = {
				BUNDLE_LOADER = "$(TEST_HOST)";
				INFOPLIST_FILE = "Whats His NameTests/Info.plist";
				LD_RUNPATH_SEARCH_PATHS = "$(inherited) @executable_path/Frameworks @loader_path/Frameworks";
				PRODUCT_BUNDLE_IDENTIFIER = "T-Z.Whats-His-NameTests";
				PRODUCT_NAME = "$(TARGET_NAME)";
				TEST_HOST = "$(BUILT_PRODUCTS_DIR)/Whats His Name.app/Whats His Name";
			};
			name = Debug;
		};
		C1CB0A441D5FC60E002CDB04 /* Release */ = {
			isa = XCBuildConfiguration;
			buildSettings = {
				BUNDLE_LOADER = "$(TEST_HOST)";
				INFOPLIST_FILE = "Whats His NameTests/Info.plist";
				LD_RUNPATH_SEARCH_PATHS = "$(inherited) @executable_path/Frameworks @loader_path/Frameworks";
				PRODUCT_BUNDLE_IDENTIFIER = "T-Z.Whats-His-NameTests";
				PRODUCT_NAME = "$(TARGET_NAME)";
				TEST_HOST = "$(BUILT_PRODUCTS_DIR)/Whats His Name.app/Whats His Name";
			};
			name = Release;
		};
		C1CB0A461D5FC60E002CDB04 /* Debug */ = {
			isa = XCBuildConfiguration;
			buildSettings = {
				INFOPLIST_FILE = "Whats His NameUITests/Info.plist";
				LD_RUNPATH_SEARCH_PATHS = "$(inherited) @executable_path/Frameworks @loader_path/Frameworks";
				PRODUCT_BUNDLE_IDENTIFIER = "T-Z.Whats-His-NameUITests";
				PRODUCT_NAME = "$(TARGET_NAME)";
				TEST_TARGET_NAME = "Whats His Name";
			};
			name = Debug;
		};
		C1CB0A471D5FC60E002CDB04 /* Release */ = {
			isa = XCBuildConfiguration;
			buildSettings = {
				INFOPLIST_FILE = "Whats His NameUITests/Info.plist";
				LD_RUNPATH_SEARCH_PATHS = "$(inherited) @executable_path/Frameworks @loader_path/Frameworks";
				PRODUCT_BUNDLE_IDENTIFIER = "T-Z.Whats-His-NameUITests";
				PRODUCT_NAME = "$(TARGET_NAME)";
				TEST_TARGET_NAME = "Whats His Name";
			};
			name = Release;
		};
		C1CB0A6A1D5FC636002CDB04 /* Debug */ = {
			isa = XCBuildConfiguration;
			buildSettings = {
				INFOPLIST_FILE = "WatchApp Extension/Info.plist";
				LD_RUNPATH_SEARCH_PATHS = "$(inherited) @executable_path/Frameworks @executable_path/../../Frameworks";
				PRODUCT_BUNDLE_IDENTIFIER = "T-Z.Whats-His-Name.watchkitapp.watchkitextension";
				PRODUCT_NAME = "${TARGET_NAME}";
				SDKROOT = watchos;
				SKIP_INSTALL = YES;
				TARGETED_DEVICE_FAMILY = 4;
				WATCHOS_DEPLOYMENT_TARGET = 2.2;
			};
			name = Debug;
		};
		C1CB0A6B1D5FC636002CDB04 /* Release */ = {
			isa = XCBuildConfiguration;
			buildSettings = {
				INFOPLIST_FILE = "WatchApp Extension/Info.plist";
				LD_RUNPATH_SEARCH_PATHS = "$(inherited) @executable_path/Frameworks @executable_path/../../Frameworks";
				PRODUCT_BUNDLE_IDENTIFIER = "T-Z.Whats-His-Name.watchkitapp.watchkitextension";
				PRODUCT_NAME = "${TARGET_NAME}";
				SDKROOT = watchos;
				SKIP_INSTALL = YES;
				TARGETED_DEVICE_FAMILY = 4;
				WATCHOS_DEPLOYMENT_TARGET = 2.2;
			};
			name = Release;
		};
		C1CB0A6E1D5FC636002CDB04 /* Debug */ = {
			isa = XCBuildConfiguration;
			buildSettings = {
				ASSETCATALOG_COMPILER_APPICON_NAME = AppIcon;
				EMBEDDED_CONTENT_CONTAINS_SWIFT = YES;
				IBSC_MODULE = WatchApp_Extension;
				INFOPLIST_FILE = WatchApp/Info.plist;
				PRODUCT_BUNDLE_IDENTIFIER = "T-Z.Whats-His-Name.watchkitapp";
				PRODUCT_NAME = "$(TARGET_NAME)";
				SDKROOT = watchos;
				SKIP_INSTALL = YES;
				TARGETED_DEVICE_FAMILY = 4;
				WATCHOS_DEPLOYMENT_TARGET = 2.2;
			};
			name = Debug;
		};
		C1CB0A6F1D5FC636002CDB04 /* Release */ = {
			isa = XCBuildConfiguration;
			buildSettings = {
				ASSETCATALOG_COMPILER_APPICON_NAME = AppIcon;
				EMBEDDED_CONTENT_CONTAINS_SWIFT = YES;
				IBSC_MODULE = WatchApp_Extension;
				INFOPLIST_FILE = WatchApp/Info.plist;
				PRODUCT_BUNDLE_IDENTIFIER = "T-Z.Whats-His-Name.watchkitapp";
				PRODUCT_NAME = "$(TARGET_NAME)";
				SDKROOT = watchos;
				SKIP_INSTALL = YES;
				TARGETED_DEVICE_FAMILY = 4;
				WATCHOS_DEPLOYMENT_TARGET = 2.2;
			};
			name = Release;
		};
/* End XCBuildConfiguration section */

/* Begin XCConfigurationList section */
		C1CB0A121D5FC60D002CDB04 /* Build configuration list for PBXProject "Whats His Name" */ = {
			isa = XCConfigurationList;
			buildConfigurations = (
				C1CB0A3D1D5FC60E002CDB04 /* Debug */,
				C1CB0A3E1D5FC60E002CDB04 /* Release */,
			);
			defaultConfigurationIsVisible = 0;
			defaultConfigurationName = Release;
		};
		C1CB0A3F1D5FC60E002CDB04 /* Build configuration list for PBXNativeTarget "Whats His Name" */ = {
			isa = XCConfigurationList;
			buildConfigurations = (
				C1CB0A401D5FC60E002CDB04 /* Debug */,
				C1CB0A411D5FC60E002CDB04 /* Release */,
			);
			defaultConfigurationIsVisible = 0;
		};
		C1CB0A421D5FC60E002CDB04 /* Build configuration list for PBXNativeTarget "Whats His NameTests" */ = {
			isa = XCConfigurationList;
			buildConfigurations = (
				C1CB0A431D5FC60E002CDB04 /* Debug */,
				C1CB0A441D5FC60E002CDB04 /* Release */,
			);
			defaultConfigurationIsVisible = 0;
		};
		C1CB0A451D5FC60E002CDB04 /* Build configuration list for PBXNativeTarget "Whats His NameUITests" */ = {
			isa = XCConfigurationList;
			buildConfigurations = (
				C1CB0A461D5FC60E002CDB04 /* Debug */,
				C1CB0A471D5FC60E002CDB04 /* Release */,
			);
			defaultConfigurationIsVisible = 0;
		};
		C1CB0A691D5FC636002CDB04 /* Build configuration list for PBXNativeTarget "WatchApp Extension" */ = {
			isa = XCConfigurationList;
			buildConfigurations = (
				C1CB0A6A1D5FC636002CDB04 /* Debug */,
				C1CB0A6B1D5FC636002CDB04 /* Release */,
			);
			defaultConfigurationIsVisible = 0;
		};
		C1CB0A6D1D5FC636002CDB04 /* Build configuration list for PBXNativeTarget "WatchApp" */ = {
			isa = XCConfigurationList;
			buildConfigurations = (
				C1CB0A6E1D5FC636002CDB04 /* Debug */,
				C1CB0A6F1D5FC636002CDB04 /* Release */,
			);
			defaultConfigurationIsVisible = 0;
		};
/* End XCConfigurationList section */
	};
	rootObject = C1CB0A0F1D5FC60D002CDB04 /* Project object */;
}
